{
  "name": "vue.f17.12.09",
  "version": "1.0.0",
  "lockfileVersion": 1,
  "requires": true,
  "dependencies": {
    "bootstrap": {
      "version": "http://registry.npm.taobao.org/bootstrap/download/bootstrap-3.3.7.tgz"
    },
    "vue": {
      "version": "http://registry.npm.taobao.org/vue/download/vue-2.5.9.tgz"
    }
  }
}
